
Microsoft Visual Studio Solution File, Format Version 11.00
# Visual Studio 2010
Project("{FAE04EC0-301F-11D3-BF4B-00C04F79EFBC}") = "UnityEngine.TestRunner", "UnityEngine.TestRunner.csproj", "{e4ae7abc-a712-b130-d898-ef29557f96c7}"
EndProject
Project("{FAE04EC0-301F-11D3-BF4B-00C04F79EFBC}") = "UnityEngine.UI", "UnityEngine.UI.csproj", "{7c0924bd-f923-0808-396c-97550e3cddf0}"
EndProject
Project("{FAE04EC0-301F-11D3-BF4B-00C04F79EFBC}") = "Unity.TextMeshPro", "Unity.TextMeshPro.csproj", "{72da916f-aac5-b757-d797-348be3e2abe7}"
EndProject
Project("{FAE04EC0-301F-11D3-BF4B-00C04F79EFBC}") = "Unity.Timeline", "Unity.Timeline.csproj", "{36c62957-8269-55d4-c35a-21b742db1e7a}"
EndProject
Project("{FAE04EC0-301F-11D3-BF4B-00C04F79EFBC}") = "Assembly-CSharp", "Assembly-CSharp.csproj", "{1415bdbd-6f79-2214-0fc9-50dcc023f9ec}"
EndProject
Project("{FAE04EC0-301F-11D3-BF4B-00C04F79EFBC}") = "Unity.TextMeshPro.Editor", "Unity.TextMeshPro.Editor.csproj", "{2c88c9e8-8c5c-a660-5cc9-44211e25471a}"
EndProject
Project("{FAE04EC0-301F-11D3-BF4B-00C04F79EFBC}") = "Unity.Timeline.Editor", "Unity.Timeline.Editor.csproj", "{f44a11fd-cb5f-9599-b593-37452d8ed26b}"
EndProject
Project("{FAE04EC0-301F-11D3-BF4B-00C04F79EFBC}") = "Unity.CollabProxy.Editor", "Unity.CollabProxy.Editor.csproj", "{f6a5414b-7590-6605-c3fd-a8a0d2b60e39}"
EndProject
Project("{FAE04EC0-301F-11D3-BF4B-00C04F79EFBC}") = "UnityEditor.TestRunner", "UnityEditor.TestRunner.csproj", "{3018e132-6550-61eb-6ef0-41ea334e9e0d}"
EndProject
Project("{FAE04EC0-301F-11D3-BF4B-00C04F79EFBC}") = "UnityEditor.UI", "UnityEditor.UI.csproj", "{02168c71-3ec0-24bc-0478-de315a7f39cb}"
EndProject
Project("{FAE04EC0-301F-11D3-BF4B-00C04F79EFBC}") = "Unity.Rider.Editor", "Unity.Rider.Editor.csproj", "{7f737a2d-5fab-8395-e86c-64f12e0d0922}"
EndProject
Project("{FAE04EC0-301F-11D3-BF4B-00C04F79EFBC}") = "com.unity.quicksearch", "com.unity.quicksearch.csproj", "{fd5520c7-8565-0911-b3b7-4b3a068b540a}"
EndProject
Project("{FAE04EC0-301F-11D3-BF4B-00C04F79EFBC}") = "Unity.VisualStudio.Editor", "Unity.VisualStudio.Editor.csproj", "{a1a6bfa3-2464-90ad-c807-77730144f4c1}"
EndProject
Project("{FAE04EC0-301F-11D3-BF4B-00C04F79EFBC}") = "Unity.VSCode.Editor", "Unity.VSCode.Editor.csproj", "{a9d20a6e-c243-6327-e201-be68f637bee2}"
EndProject
Global
	GlobalSection(SolutionConfigurationPlatforms) = preSolution
		Debug|Any CPU = Debug|Any CPU
	EndGlobalSection
	GlobalSection(ProjectConfigurationPlatforms) = postSolution
		{e4ae7abc-a712-b130-d898-ef29557f96c7}.Debug|Any CPU.ActiveCfg = Debug|Any CPU
		{e4ae7abc-a712-b130-d898-ef29557f96c7}.Debug|Any CPU.Build.0 = Debug|Any CPU
		{7c0924bd-f923-0808-396c-97550e3cddf0}.Debug|Any CPU.ActiveCfg = Debug|Any CPU
		{7c0924bd-f923-0808-396c-97550e3cddf0}.Debug|Any CPU.Build.0 = Debug|Any CPU
		{72da916f-aac5-b757-d797-348be3e2abe7}.Debug|Any CPU.ActiveCfg = Debug|Any CPU
		{72da916f-aac5-b757-d797-348be3e2abe7}.Debug|Any CPU.Build.0 = Debug|Any CPU
		{36c62957-8269-55d4-c35a-21b742db1e7a}.Debug|Any CPU.ActiveCfg = Debug|Any CPU
		{36c62957-8269-55d4-c35a-21b742db1e7a}.Debug|Any CPU.Build.0 = Debug|Any CPU
		{1415bdbd-6f79-2214-0fc9-50dcc023f9ec}.Debug|Any CPU.ActiveCfg = Debug|Any CPU
		{1415bdbd-6f79-2214-0fc9-50dcc023f9ec}.Debug|Any CPU.Build.0 = Debug|Any CPU
		{2c88c9e8-8c5c-a660-5cc9-44211e25471a}.Debug|Any CPU.ActiveCfg = Debug|Any CPU
		{2c88c9e8-8c5c-a660-5cc9-44211e25471a}.Debug|Any CPU.Build.0 = Debug|Any CPU
		{f44a11fd-cb5f-9599-b593-37452d8ed26b}.Debug|Any CPU.ActiveCfg = Debug|Any CPU
		{f44a11fd-cb5f-9599-b593-37452d8ed26b}.Debug|Any CPU.Build.0 = Debug|Any CPU
		{f6a5414b-7590-6605-c3fd-a8a0d2b60e39}.Debug|Any CPU.ActiveCfg = Debug|Any CPU
		{f6a5414b-7590-6605-c3fd-a8a0d2b60e39}.Debug|Any CPU.Build.0 = Debug|Any CPU
		{3018e132-6550-61eb-6ef0-41ea334e9e0d}.Debug|Any CPU.ActiveCfg = Debug|Any CPU
		{3018e132-6550-61eb-6ef0-41ea334e9e0d}.Debug|Any CPU.Build.0 = Debug|Any CPU
		{02168c71-3ec0-24bc-0478-de315a7f39cb}.Debug|Any CPU.ActiveCfg = Debug|Any CPU
		{02168c71-3ec0-24bc-0478-de315a7f39cb}.Debug|Any CPU.Build.0 = Debug|Any CPU
		{7f737a2d-5fab-8395-e86c-64f12e0d0922}.Debug|Any CPU.ActiveCfg = Debug|Any CPU
		{7f737a2d-5fab-8395-e86c-64f12e0d0922}.Debug|Any CPU.Build.0 = Debug|Any CPU
		{fd5520c7-8565-0911-b3b7-4b3a068b540a}.Debug|Any CPU.ActiveCfg = Debug|Any CPU
		{fd5520c7-8565-0911-b3b7-4b3a068b540a}.Debug|Any CPU.Build.0 = Debug|Any CPU
		{a1a6bfa3-2464-90ad-c807-77730144f4c1}.Debug|Any CPU.ActiveCfg = Debug|Any CPU
		{a1a6bfa3-2464-90ad-c807-77730144f4c1}.Debug|Any CPU.Build.0 = Debug|Any CPU
		{a9d20a6e-c243-6327-e201-be68f637bee2}.Debug|Any CPU.ActiveCfg = Debug|Any CPU
		{a9d20a6e-c243-6327-e201-be68f637bee2}.Debug|Any CPU.Build.0 = Debug|Any CPU
	EndGlobalSection
	GlobalSection(SolutionProperties) = preSolution
		HideSolutionNode = FALSE
	EndGlobalSection
EndGlobal
